
Microsoft Visual Studio Solution File, Format Version 12.00
# Visual Studio 15
VisualStudioVersion = 15.0.27703.2047
MinimumVisualStudioVersion = 10.0.40219.1
Project("{FAE04EC0-301F-11D3-BF4B-00C04F79EFBC}") = "Cinema_ERY.Api", "Cinema_ERY.Api\Cinema_ERY.Api.csproj", "{8FEB0550-1E9F-4A79-861F-FB0961E2932F}"
EndProject
Global
	GlobalSection(SolutionConfigurationPlatforms) = preSolution
		Debug|Any CPU = Debug|Any CPU
		Release|Any CPU = Release|Any CPU
	EndGlobalSection
	GlobalSection(ProjectConfigurationPlatforms) = postSolution
		{8FEB0550-1E9F-4A79-861F-FB0961E2932F}.Debug|Any CPU.ActiveCfg = Debug|Any CPU
		{8FEB0550-1E9F-4A79-861F-FB0961E2932F}.Debug|Any CPU.Build.0 = Debug|Any CPU
		{8FEB0550-1E9F-4A79-861F-FB0961E2932F}.Release|Any CPU.ActiveCfg = Release|Any CPU
		{8FEB0550-1E9F-4A79-861F-FB0961E2932F}.Release|Any CPU.Build.0 = Release|Any CPU
	EndGlobalSection
	GlobalSection(SolutionProperties) = preSolution
		HideSolutionNode = FALSE
	EndGlobalSection
	GlobalSection(ExtensibilityGlobals) = postSolution
		SolutionGuid = {C7D7F715-D86E-470C-A6F6-562405A4ED31}
	EndGlobalSection
EndGlobal
